
Microsoft Visual Studio Solution File, Format Version 12.00
# Visual Studio Version 16
VisualStudioVersion = 16.0.29025.244
MinimumVisualStudioVersion = 10.0.40219.1
Project("{8BC9CEB8-8B4A-11D0-8D11-00A0C91BC942}") = "Roxy", "Roxy\Roxy.vcxproj", "{75D375E1-B6F7-4CB2-88E9-628C83E203DE}"
EndProject
Global
	GlobalSection(SolutionConfigurationPlatforms) = preSolution
		Debug|x64 = Debug|x64
		Debug|x86 = Debug|x86
		Release|x64 = Release|x64
		Release|x86 = Release|x86
	EndGlobalSection
	GlobalSection(ProjectConfigurationPlatforms) = postSolution
		{75D375E1-B6F7-4CB2-88E9-628C83E203DE}.Debug|x64.ActiveCfg = Debug|x64
		{75D375E1-B6F7-4CB2-88E9-628C83E203DE}.Debug|x64.Build.0 = Debug|x64
		{75D375E1-B6F7-4CB2-88E9-628C83E203DE}.Debug|x86.ActiveCfg = Debug|Win32
		{75D375E1-B6F7-4CB2-88E9-628C83E203DE}.Debug|x86.Build.0 = Debug|Win32
		{75D375E1-B6F7-4CB2-88E9-628C83E203DE}.Release|x64.ActiveCfg = Release|x64
		{75D375E1-B6F7-4CB2-88E9-628C83E203DE}.Release|x64.Build.0 = Release|x64
		{75D375E1-B6F7-4CB2-88E9-628C83E203DE}.Release|x86.ActiveCfg = Release|Win32
		{75D375E1-B6F7-4CB2-88E9-628C83E203DE}.Release|x86.Build.0 = Release|Win32
	EndGlobalSection
	GlobalSection(SolutionProperties) = preSolution
		HideSolutionNode = FALSE
	EndGlobalSection
	GlobalSection(ExtensibilityGlobals) = postSolution
		SolutionGuid = {7ABAEEDF-4FBE-4CB4-95B4-7CC7050D05B0}
	EndGlobalSection
EndGlobal
